
Microsoft Visual Studio Solution File, Format Version 12.00
# Visual Studio Version 17
VisualStudioVersion = 17.3.32929.385
MinimumVisualStudioVersion = 10.0.40219.1
Project("{FAE04EC0-301F-11D3-BF4B-00C04F79EFBC}") = "AreaCircle", "AreaCircle\AreaCircle.csproj", "{A8387319-B9D2-4366-8391-48FD0E72FD20}"
EndProject
Global
	GlobalSection(SolutionConfigurationPlatforms) = preSolution
		Debug|Any CPU = Debug|Any CPU
		Release|Any CPU = Release|Any CPU
	EndGlobalSection
	GlobalSection(ProjectConfigurationPlatforms) = postSolution
		{A8387319-B9D2-4366-8391-48FD0E72FD20}.Debug|Any CPU.ActiveCfg = Debug|Any CPU
		{A8387319-B9D2-4366-8391-48FD0E72FD20}.Debug|Any CPU.Build.0 = Debug|Any CPU
		{A8387319-B9D2-4366-8391-48FD0E72FD20}.Release|Any CPU.ActiveCfg = Release|Any CPU
		{A8387319-B9D2-4366-8391-48FD0E72FD20}.Release|Any CPU.Build.0 = Release|Any CPU
	EndGlobalSection
	GlobalSection(SolutionProperties) = preSolution
		HideSolutionNode = FALSE
	EndGlobalSection
	GlobalSection(ExtensibilityGlobals) = postSolution
		SolutionGuid = {1420871D-8C43-4CC2-855A-97C320BC14C4}
	EndGlobalSection
EndGlobal
